
Microsoft Visual Studio Solution File, Format Version 12.00
# Visual Studio Version 17
VisualStudioVersion = 17.8.34309.116
MinimumVisualStudioVersion = 10.0.40219.1
Project("{9A19103F-16F7-4668-BE54-9A1E7A4F7556}") = "VodockanalWeb", "VodocanalWeb\VodockanalWeb.csproj", "{2B019300-B406-45F0-97BA-BB9CBE616A89}"
EndProject
Global
	GlobalSection(SolutionConfigurationPlatforms) = preSolution
		Debug|Any CPU = Debug|Any CPU
		Release|Any CPU = Release|Any CPU
	EndGlobalSection
	GlobalSection(ProjectConfigurationPlatforms) = postSolution
		{2B019300-B406-45F0-97BA-BB9CBE616A89}.Debug|Any CPU.ActiveCfg = Debug|Any CPU
		{2B019300-B406-45F0-97BA-BB9CBE616A89}.Debug|Any CPU.Build.0 = Debug|Any CPU
		{2B019300-B406-45F0-97BA-BB9CBE616A89}.Release|Any CPU.ActiveCfg = Release|Any CPU
		{2B019300-B406-45F0-97BA-BB9CBE616A89}.Release|Any CPU.Build.0 = Release|Any CPU
	EndGlobalSection
	GlobalSection(SolutionProperties) = preSolution
		HideSolutionNode = FALSE
	EndGlobalSection
	GlobalSection(ExtensibilityGlobals) = postSolution
		SolutionGuid = {275097EA-4A6C-4527-B111-94F828F7C693}
	EndGlobalSection
EndGlobal
